
Microsoft Visual Studio Solution File, Format Version 12.00
# Visual Studio Version 17
VisualStudioVersion = 17.3.32825.248
MinimumVisualStudioVersion = 10.0.40219.1
Project("{FAE04EC0-301F-11D3-BF4B-00C04F79EFBC}") = "El_Cautivo", "El_Cautivo\El_Cautivo.csproj", "{70B4FB7B-70E2-4724-A913-8DD82191C7E8}"
EndProject
Global
	GlobalSection(SolutionConfigurationPlatforms) = preSolution
		Debug|Any CPU = Debug|Any CPU
		Release|Any CPU = Release|Any CPU
	EndGlobalSection
	GlobalSection(ProjectConfigurationPlatforms) = postSolution
		{70B4FB7B-70E2-4724-A913-8DD82191C7E8}.Debug|Any CPU.ActiveCfg = Debug|Any CPU
		{70B4FB7B-70E2-4724-A913-8DD82191C7E8}.Debug|Any CPU.Build.0 = Debug|Any CPU
		{70B4FB7B-70E2-4724-A913-8DD82191C7E8}.Release|Any CPU.ActiveCfg = Release|Any CPU
		{70B4FB7B-70E2-4724-A913-8DD82191C7E8}.Release|Any CPU.Build.0 = Release|Any CPU
	EndGlobalSection
	GlobalSection(SolutionProperties) = preSolution
		HideSolutionNode = FALSE
	EndGlobalSection
	GlobalSection(ExtensibilityGlobals) = postSolution
		SolutionGuid = {CF001675-873E-47A3-B444-1B06312D2CD9}
	EndGlobalSection
EndGlobal
